<?xml version="1.0" encoding="UTF-8"?>
<CodeBlocks_project_file>
	<FileVersion major="1" minor="6"/>
	<Project>
		<Option title="Proyecto_F"/>
		<Option makefile_is_custom="1"/>
		<Option compiler="gcc"/>
		<Option virtualFolders="CMake Files\;"/>
		<Build>
			<Target title="all">
				<Option working_dir="/home/manuela/Downloads/Proyecto/Project_Nuevo"/>
				<Option type="4"/>
				<MakeCommands>
					<Build command="/usr/bin/make -f &quot;/home/manuela/Downloads/Proyecto/Project_Nuevo/Makefile&quot;  VERBOSE=1 all"/>
					<CompileFile command="/usr/bin/make -f &quot;/home/manuela/Downloads/Proyecto/Project_Nuevo/Makefile&quot;  VERBOSE=1 &quot;$file&quot;"/>
					<Clean command="/usr/bin/make -f &quot;/home/manuela/Downloads/Proyecto/Project_Nuevo/Makefile&quot;  VERBOSE=1 clean"/>
					<DistClean command="/usr/bin/make -f &quot;/home/manuela/Downloads/Proyecto/Project_Nuevo/Makefile&quot;  VERBOSE=1 clean"/>
				</MakeCommands>
			</Target>
			<Target title="rebuild_cache">
				<Option working_dir="/home/manuela/Downloads/Proyecto/Project_Nuevo"/>
				<Option type="4"/>
				<MakeCommands>
					<Build command="/usr/bin/make -f &quot;/home/manuela/Downloads/Proyecto/Project_Nuevo/Makefile&quot;  VERBOSE=1 rebuild_cache"/>
					<CompileFile command="/usr/bin/make -f &quot;/home/manuela/Downloads/Proyecto/Project_Nuevo/Makefile&quot;  VERBOSE=1 &quot;$file&quot;"/>
					<Clean command="/usr/bin/make -f &quot;/home/manuela/Downloads/Proyecto/Project_Nuevo/Makefile&quot;  VERBOSE=1 clean"/>
					<DistClean command="/usr/bin/make -f &quot;/home/manuela/Downloads/Proyecto/Project_Nuevo/Makefile&quot;  VERBOSE=1 clean"/>
				</MakeCommands>
			</Target>
			<Target title="edit_cache">
				<Option working_dir="/home/manuela/Downloads/Proyecto/Project_Nuevo"/>
				<Option type="4"/>
				<MakeCommands>
					<Build command="/usr/bin/make -f &quot;/home/manuela/Downloads/Proyecto/Project_Nuevo/Makefile&quot;  VERBOSE=1 edit_cache"/>
					<CompileFile command="/usr/bin/make -f &quot;/home/manuela/Downloads/Proyecto/Project_Nuevo/Makefile&quot;  VERBOSE=1 &quot;$file&quot;"/>
					<Clean command="/usr/bin/make -f &quot;/home/manuela/Downloads/Proyecto/Project_Nuevo/Makefile&quot;  VERBOSE=1 clean"/>
					<DistClean command="/usr/bin/make -f &quot;/home/manuela/Downloads/Proyecto/Project_Nuevo/Makefile&quot;  VERBOSE=1 clean"/>
				</MakeCommands>
			</Target>
			<Target title="Proyecto_F">
				<Option output="/home/manuela/Downloads/Proyecto/Project_Nuevo/Proyecto_F" prefix_auto="0" extension_auto="0"/>
				<Option working_dir="/home/manuela/Downloads/Proyecto/Project_Nuevo"/>
				<Option object_output="./"/>
				<Option type="1"/>
				<Option compiler="gcc"/>
				<Compiler/>
				<MakeCommands>
					<Build command="/usr/bin/make -f &quot;/home/manuela/Downloads/Proyecto/Project_Nuevo/Makefile&quot;  VERBOSE=1 Proyecto_F"/>
					<CompileFile command="/usr/bin/make -f &quot;/home/manuela/Downloads/Proyecto/Project_Nuevo/Makefile&quot;  VERBOSE=1 &quot;$file&quot;"/>
					<Clean command="/usr/bin/make -f &quot;/home/manuela/Downloads/Proyecto/Project_Nuevo/Makefile&quot;  VERBOSE=1 clean"/>
					<DistClean command="/usr/bin/make -f &quot;/home/manuela/Downloads/Proyecto/Project_Nuevo/Makefile&quot;  VERBOSE=1 clean"/>
				</MakeCommands>
			</Target>
			<Target title="Proyecto_F/fast">
				<Option output="/home/manuela/Downloads/Proyecto/Project_Nuevo/Proyecto_F" prefix_auto="0" extension_auto="0"/>
				<Option working_dir="/home/manuela/Downloads/Proyecto/Project_Nuevo"/>
				<Option object_output="./"/>
				<Option type="1"/>
				<Option compiler="gcc"/>
				<Compiler/>
				<MakeCommands>
					<Build command="/usr/bin/make -f &quot;/home/manuela/Downloads/Proyecto/Project_Nuevo/Makefile&quot;  VERBOSE=1 Proyecto_F/fast"/>
					<CompileFile command="/usr/bin/make -f &quot;/home/manuela/Downloads/Proyecto/Project_Nuevo/Makefile&quot;  VERBOSE=1 &quot;$file&quot;"/>
					<Clean command="/usr/bin/make -f &quot;/home/manuela/Downloads/Proyecto/Project_Nuevo/Makefile&quot;  VERBOSE=1 clean"/>
					<DistClean command="/usr/bin/make -f &quot;/home/manuela/Downloads/Proyecto/Project_Nuevo/Makefile&quot;  VERBOSE=1 clean"/>
				</MakeCommands>
			</Target>
		</Build>
		<Unit filename="/home/manuela/Downloads/Proyecto/Project_Nuevo/db_local.cpp">
			<Option target="Proyecto_F"/>
		</Unit>
		<Unit filename="/home/manuela/Downloads/Proyecto/Project_Nuevo/db_local.h">
			<Option target="Proyecto_F"/>
		</Unit>
		<Unit filename="/home/manuela/Downloads/Proyecto/Project_Nuevo/main.cpp">
			<Option target="Proyecto_F"/>
		</Unit>
		<Unit filename="/home/manuela/Downloads/Proyecto/Project_Nuevo/CMakeLists.txt">
			<Option virtualFolder="CMake Files\"/>
		</Unit>
	</Project>
</CodeBlocks_project_file>
